
Microsoft Visual Studio Solution File, Format Version 12.00
# Visual Studio 15
VisualStudioVersion = 15.0.27004.2006
MinimumVisualStudioVersion = 10.0.40219.1
Project("{8BC9CEB8-8B4A-11D0-8D11-00A0C91BC942}") = "csv-parser", "csv-parser.vcxproj", "{6AB98B6F-DDCB-4721-965B-31EA4F07C894}"
EndProject
Global
	GlobalSection(SolutionConfigurationPlatforms) = preSolution
		Debug|x64 = Debug|x64
		Debug|x86 = Debug|x86
		Release|x64 = Release|x64
		Release|x86 = Release|x86
	EndGlobalSection
	GlobalSection(ProjectConfigurationPlatforms) = postSolution
		{6AB98B6F-DDCB-4721-965B-31EA4F07C894}.Debug|x64.ActiveCfg = Debug|x64
		{6AB98B6F-DDCB-4721-965B-31EA4F07C894}.Debug|x64.Build.0 = Debug|x64
		{6AB98B6F-DDCB-4721-965B-31EA4F07C894}.Debug|x86.ActiveCfg = Debug|Win32
		{6AB98B6F-DDCB-4721-965B-31EA4F07C894}.Debug|x86.Build.0 = Debug|Win32
		{6AB98B6F-DDCB-4721-965B-31EA4F07C894}.Release|x64.ActiveCfg = Release|x64
		{6AB98B6F-DDCB-4721-965B-31EA4F07C894}.Release|x64.Build.0 = Release|x64
		{6AB98B6F-DDCB-4721-965B-31EA4F07C894}.Release|x86.ActiveCfg = Release|x64
		{6AB98B6F-DDCB-4721-965B-31EA4F07C894}.Release|x86.Build.0 = Release|x64
	EndGlobalSection
	GlobalSection(SolutionProperties) = preSolution
		HideSolutionNode = FALSE
	EndGlobalSection
	GlobalSection(ExtensibilityGlobals) = postSolution
		SolutionGuid = {08EEEEC0-E2FD-4100-95FC-747C079BB780}
	EndGlobalSection
	GlobalSection(Performance) = preSolution
		HasPerformanceSessions = true
	EndGlobalSection
	GlobalSection(Performance) = preSolution
		HasPerformanceSessions = true
	EndGlobalSection
	GlobalSection(Performance) = preSolution
		HasPerformanceSessions = true
	EndGlobalSection
	GlobalSection(Performance) = preSolution
		HasPerformanceSessions = true
	EndGlobalSection
	GlobalSection(Performance) = preSolution
		HasPerformanceSessions = true
	EndGlobalSection
	GlobalSection(Performance) = preSolution
		HasPerformanceSessions = true
	EndGlobalSection
EndGlobal
