<?xml version="1.0" encoding="utf-8"?>
<Project ToolsVersion="4.0" xmlns="http://schemas.microsoft.com/developer/msbuild/2003">
  <ItemGroup>
    <Filter Include="Source Files">
      <UniqueIdentifier>{4FC737F1-C7A5-4376-A066-2A32D752A2FF}</UniqueIdentifier>
      <Extensions>cpp;c;cc;cxx;def;odl;idl;hpj;bat;asm;asmx</Extensions>
    </Filter>
    <Filter Include="Header Files">
      <UniqueIdentifier>{93995380-89BD-4b04-88EB-625FBE52EBFB}</UniqueIdentifier>
      <Extensions>h;hh;hpp;hxx;hm;inl;inc;xsd</Extensions>
    </Filter>
    <Filter Include="Resource Files">
      <UniqueIdentifier>{67DA6AB6-F800-4c08-8B7A-83BB121AAD01}</UniqueIdentifier>
      <Extensions>rc;ico;cur;bmp;dlg;rc2;rct;bin;rgs;gif;jpg;jpeg;jpe;resx;tiff;tif;png;wav</Extensions>
    </Filter>
  </ItemGroup>
  <ItemGroup>
    <ClCompile Include="src\csv_reader.cpp">
      <Filter>Source Files</Filter>
    </ClCompile>
    <ClCompile Include="src\csv_stat.cpp">
      <Filter>Source Files</Filter>
    </ClCompile>
    <ClCompile Include="src\data_type.cpp">
      <Filter>Source Files</Filter>
    </ClCompile>
    <ClCompile Include="src\csv_writer.cpp">
      <Filter>Source Files</Filter>
    </ClCompile>
    <ClCompile Include="tests\main.cpp">
      <Filter>Source Files</Filter>
    </ClCompile>
    <ClCompile Include="tests\test_csv_stat.cpp">
      <Filter>Source Files</Filter>
    </ClCompile>
    <ClCompile Include="tests\test_data_type.cpp">
      <Filter>Source Files</Filter>
    </ClCompile>
    <ClCompile Include="tests\test_read_csv.cpp">
      <Filter>Source Files</Filter>
    </ClCompile>
    <ClCompile Include="tests\test_write_csv.cpp">
      <Filter>Source Files</Filter>
    </ClCompile>
  </ItemGroup>
  <ItemGroup>
    <ClInclude Include="tests\catch.hpp">
      <Filter>Header Files</Filter>
    </ClInclude>
    <ClInclude Include="src\csv_parser.h">
      <Filter>Header Files</Filter>
    </ClInclude>
  </ItemGroup>
  <ItemGroup>
    <None Include="docs\annotated.html" />
    <None Include="docs\classcsv__parser_1_1CSVCleaner-members.html" />
    <None Include="docs\classcsv__parser_1_1CSVCleaner.html" />
    <None Include="docs\classcsv__parser_1_1CSVReader-members.html" />
    <None Include="docs\classcsv__parser_1_1CSVReader.html" />
    <None Include="docs\classcsv__parser_1_1CSVStat-members.html" />
    <None Include="docs\classcsv__parser_1_1CSVStat.html" />
    <None Include="docs\classes.html" />
    <None Include="docs\csv__parser_8h_source.html" />
    <None Include="docs\dir_68267d1309a1af8e8297ef4c3efbcdba.html" />
    <None Include="docs\files.html" />
    <None Include="docs\functions.html" />
    <None Include="docs\functions_func.html" />
    <None Include="docs\functions_vars.html" />
    <None Include="docs\graph_legend.html" />
    <None Include="docs\hierarchy.html" />
    <None Include="docs\index.html" />
    <None Include="docs\inherits.html" />
    <None Include="docs\search\all_0.html" />
    <None Include="docs\search\all_1.html" />
    <None Include="docs\search\all_2.html" />
    <None Include="docs\search\all_3.html" />
    <None Include="docs\search\all_4.html" />
    <None Include="docs\search\all_5.html" />
    <None Include="docs\search\all_6.html" />
    <None Include="docs\search\all_7.html" />
    <None Include="docs\search\all_8.html" />
    <None Include="docs\search\all_9.html" />
    <None Include="docs\search\all_a.html" />
    <None Include="docs\search\all_b.html" />
    <None Include="docs\search\all_c.html" />
    <None Include="docs\search\classes_0.html" />
    <None Include="docs\search\functions_0.html" />
    <None Include="docs\search\functions_1.html" />
    <None Include="docs\search\functions_2.html" />
    <None Include="docs\search\functions_3.html" />
    <None Include="docs\search\functions_4.html" />
    <None Include="docs\search\functions_5.html" />
    <None Include="docs\search\functions_6.html" />
    <None Include="docs\search\functions_7.html" />
    <None Include="docs\search\functions_8.html" />
    <None Include="docs\search\nomatches.html" />
    <None Include="docs\search\pages_0.html" />
    <None Include="docs\search\variables_0.html" />
    <None Include="docs\search\variables_1.html" />
    <None Include="docs\search\variables_2.html" />
    <None Include="docs\search\variables_3.html" />
    <None Include="docs\search\variables_4.html" />
    <None Include="docs\search\variables_5.html" />
  </ItemGroup>
</Project>